
Microsoft Visual Studio Solution File, Format Version 12.00
# Visual Studio 15
VisualStudioVersion = 15.0.28307.329
MinimumVisualStudioVersion = 10.0.40219.1
Project("{FAE04EC0-301F-11D3-BF4B-00C04F79EFBC}") = "ApiMvp", "ApiMvp\ApiMvp.csproj", "{75199AAC-52B3-43D7-89FD-ECB170844CA5}"
EndProject
Project("{9A19103F-16F7-4668-BE54-9A1E7A4F7556}") = "ApiMvp.Data", "ApiMvp.Data\ApiMvp.Data.csproj", "{3CA13C05-C444-4283-9391-65E64744EE04}"
EndProject
Global
	GlobalSection(SolutionConfigurationPlatforms) = preSolution
		Debug|Any CPU = Debug|Any CPU
		Release|Any CPU = Release|Any CPU
	EndGlobalSection
	GlobalSection(ProjectConfigurationPlatforms) = postSolution
		{75199AAC-52B3-43D7-89FD-ECB170844CA5}.Debug|Any CPU.ActiveCfg = Debug|Any CPU
		{75199AAC-52B3-43D7-89FD-ECB170844CA5}.Debug|Any CPU.Build.0 = Debug|Any CPU
		{75199AAC-52B3-43D7-89FD-ECB170844CA5}.Release|Any CPU.ActiveCfg = Release|Any CPU
		{75199AAC-52B3-43D7-89FD-ECB170844CA5}.Release|Any CPU.Build.0 = Release|Any CPU
		{3CA13C05-C444-4283-9391-65E64744EE04}.Debug|Any CPU.ActiveCfg = Debug|Any CPU
		{3CA13C05-C444-4283-9391-65E64744EE04}.Debug|Any CPU.Build.0 = Debug|Any CPU
		{3CA13C05-C444-4283-9391-65E64744EE04}.Release|Any CPU.ActiveCfg = Release|Any CPU
		{3CA13C05-C444-4283-9391-65E64744EE04}.Release|Any CPU.Build.0 = Release|Any CPU
	EndGlobalSection
	GlobalSection(SolutionProperties) = preSolution
		HideSolutionNode = FALSE
	EndGlobalSection
	GlobalSection(ExtensibilityGlobals) = postSolution
		SolutionGuid = {FC130C35-DF85-462F-B92F-A68934B0712D}
	EndGlobalSection
EndGlobal
